// !$*UTF8*$!
{
	archiveVersion = 1;
	classes = {
	};
	objectVersion = 50;
	objects = {

/* Begin PBXBuildFile section */
		46D0E7CD2351BCCC00A27DEF /* AppDelegate.swift in Sources */ = {isa = PBXBuildFile; fileRef = 46D0E7CC2351BCCC00A27DEF /* AppDelegate.swift */; };
		46D0E7CF2351BCCC00A27DEF /* ViewController.swift in Sources */ = {isa = PBXBuildFile; fileRef = 46D0E7CE2351BCCC00A27DEF /* ViewController.swift */; };
		46D0E7D22351BCCC00A27DEF /* Main.storyboard in Resources */ = {isa = PBXBuildFile; fileRef = 46D0E7D02351BCCC00A27DEF /* Main.storyboard */; };
		46D0E7D42351BCCF00A27DEF /* Assets.xcassets in Resources */ = {isa = PBXBuildFile; fileRef = 46D0E7D32351BCCF00A27DEF /* Assets.xcassets */; };
		46D0E7D72351BCCF00A27DEF /* LaunchScreen.storyboard in Resources */ = {isa = PBXBuildFile; fileRef = 46D0E7D52351BCCF00A27DEF /* LaunchScreen.storyboard */; };
		46D0E7EF2351D3C900A27DEF /* SAButton.swift in Sources */ = {isa = PBXBuildFile; fileRef = 46D0E7EE2351D3C900A27DEF /* SAButton.swift */; };
		46D0E7F12351D3E600A27DEF /* SATextField.swift in Sources */ = {isa = PBXBuildFile; fileRef = 46D0E7F02351D3E600A27DEF /* SATextField.swift */; };
		46D0E7F32351D51C00A27DEF /* Constants.swift in Sources */ = {isa = PBXBuildFile; fileRef = 46D0E7F22351D51C00A27DEF /* Constants.swift */; };
		46D0E7F92351E82F00A27DEF /* HomeController.swift in Sources */ = {isa = PBXBuildFile; fileRef = 46D0E7F82351E82F00A27DEF /* HomeController.swift */; };
/* End PBXBuildFile section */

/* Begin PBXFileReference section */
		46D0E7C92351BCCC00A27DEF /* AutoLayoutAndConstraints.app */ = {isa = PBXFileReference; explicitFileType = wrapper.application; includeInIndex = 0; path = AutoLayoutAndConstraints.app; sourceTree = BUILT_PRODUCTS_DIR; };
		46D0E7CC2351BCCC00A27DEF /* AppDelegate.swift */ = {isa = PBXFileReference; lastKnownFileType = sourcecode.swift; path = AppDelegate.swift; sourceTree = "<group>"; };
		46D0E7CE2351BCCC00A27DEF /* ViewController.swift */ = {isa = PBXFileReference; lastKnownFileType = sourcecode.swift; path = ViewController.swift; sourceTree = "<group>"; };
		46D0E7D12351BCCC00A27DEF /* Base */ = {isa = PBXFileReference; lastKnownFileType = file.storyboard; name = Base; path = Base.lproj/Main.storyboard; sourceTree = "<group>"; };
		46D0E7D32351BCCF00A27DEF /* Assets.xcassets */ = {isa = PBXFileReference; lastKnownFileType = folder.assetcatalog; path = Assets.xcassets; sourceTree = "<group>"; };
		46D0E7D62351BCCF00A27DEF /* Base */ = {isa = PBXFileReference; lastKnownFileType = file.storyboard; name = Base; path = Base.lproj/LaunchScreen.storyboard; sourceTree = "<group>"; };
		46D0E7D82351BCCF00A27DEF /* Info.plist */ = {isa = PBXFileReference; lastKnownFileType = text.plist.xml; path = Info.plist; sourceTree = "<group>"; };
		46D0E7EE2351D3C900A27DEF /* SAButton.swift */ = {isa = PBXFileReference; lastKnownFileType = sourcecode.swift; path = SAButton.swift; sourceTree = "<group>"; };
		46D0E7F02351D3E600A27DEF /* SATextField.swift */ = {isa = PBXFileReference; lastKnownFileType = sourcecode.swift; path = SATextField.swift; sourceTree = "<group>"; };
		46D0E7F22351D51C00A27DEF /* Constants.swift */ = {isa = PBXFileReference; lastKnownFileType = sourcecode.swift; path = Constants.swift; sourceTree = "<group>"; };
		46D0E7F82351E82F00A27DEF /* HomeController.swift */ = {isa = PBXFileReference; lastKnownFileType = sourcecode.swift; path = HomeController.swift; sourceTree = "<group>"; };
/* End PBXFileReference section */

/* Begin PBXFrameworksBuildPhase section */
		46D0E7C62351BCCC00A27DEF /* Frameworks */ = {
			isa = PBXFrameworksBuildPhase;
			buildActionMask = 2147483647;
			files = (
			);
			runOnlyForDeploymentPostprocessing = 0;
		};
/* End PBXFrameworksBuildPhase section */

/* Begin PBXGroup section */
		46D0E7C02351BCCC00A27DEF = {
			isa = PBXGroup;
			children = (
				46D0E7CB2351BCCC00A27DEF /* AutoLayoutAndConstraints */,
				46D0E7CA2351BCCC00A27DEF /* Products */,
			);
			sourceTree = "<group>";
		};
		46D0E7CA2351BCCC00A27DEF /* Products */ = {
			isa = PBXGroup;
			children = (
				46D0E7C92351BCCC00A27DEF /* AutoLayoutAndConstraints.app */,
			);
			name = Products;
			sourceTree = "<group>";
		};
		46D0E7CB2351BCCC00A27DEF /* AutoLayoutAndConstraints */ = {
			isa = PBXGroup;
			children = (
				46D0E7ED2351D3AD00A27DEF /* CustomViews */,
				46D0E7CC2351BCCC00A27DEF /* AppDelegate.swift */,
				46D0E7CE2351BCCC00A27DEF /* ViewController.swift */,
				46D0E7D02351BCCC00A27DEF /* Main.storyboard */,
				46D0E7D32351BCCF00A27DEF /* Assets.xcassets */,
				46D0E7D52351BCCF00A27DEF /* LaunchScreen.storyboard */,
				46D0E7D82351BCCF00A27DEF /* Info.plist */,
				46D0E7F22351D51C00A27DEF /* Constants.swift */,
				46D0E7F82351E82F00A27DEF /* HomeController.swift */,
			);
			path = AutoLayoutAndConstraints;
			sourceTree = "<group>";
		};
		46D0E7ED2351D3AD00A27DEF /* CustomViews */ = {
			isa = PBXGroup;
			children = (
				46D0E7EE2351D3C900A27DEF /* SAButton.swift */,
				46D0E7F02351D3E600A27DEF /* SATextField.swift */,
			);
			path = CustomViews;
			sourceTree = "<group>";
		};
/* End PBXGroup section */

/* Begin PBXNativeTarget section */
		46D0E7C82351BCCC00A27DEF /* AutoLayoutAndConstraints */ = {
			isa = PBXNativeTarget;
			buildConfigurationList = 46D0E7DB2351BCCF00A27DEF /* Build configuration list for PBXNativeTarget "AutoLayoutAndConstraints" */;
			buildPhases = (
				46D0E7C52351BCCC00A27DEF /* Sources */,
				46D0E7C62351BCCC00A27DEF /* Frameworks */,
				46D0E7C72351BCCC00A27DEF /* Resources */,
			);
			buildRules = (
			);
			dependencies = (
			);
			name = AutoLayoutAndConstraints;
			productName = AutoLayoutAndConstraints;
			productReference = 46D0E7C92351BCCC00A27DEF /* AutoLayoutAndConstraints.app */;
			productType = "com.apple.product-type.application";
		};
/* End PBXNativeTarget section */

/* Begin PBXProject section */
		46D0E7C12351BCCC00A27DEF /* Project object */ = {
			isa = PBXProject;
			attributes = {
				LastSwiftUpdateCheck = 1030;
				LastUpgradeCheck = 1030;
				ORGANIZATIONNAME = "Stevanus Prasetyo Soemadi";
				TargetAttributes = {
					46D0E7C82351BCCC00A27DEF = {
						CreatedOnToolsVersion = 10.3;
					};
				};
			};
			buildConfigurationList = 46D0E7C42351BCCC00A27DEF /* Build configuration list for PBXProject "AutoLayoutAndConstraints" */;
			compatibilityVersion = "Xcode 9.3";
			developmentRegion = en;
			hasScannedForEncodings = 0;
			knownRegions = (
				en,
				Base,
			);
			mainGroup = 46D0E7C02351BCCC00A27DEF;
			productRefGroup = 46D0E7CA2351BCCC00A27DEF /* Products */;
			projectDirPath = "";
			projectRoot = "";
			targets = (
				46D0E7C82351BCCC00A27DEF /* AutoLayoutAndConstraints */,
			);
		};
/* End PBXProject section */

/* Begin PBXResourcesBuildPhase section */
		46D0E7C72351BCCC00A27DEF /* Resources */ = {
			isa = PBXResourcesBuildPhase;
			buildActionMask = 2147483647;
			files = (
				46D0E7D72351BCCF00A27DEF /* LaunchScreen.storyboard in Resources */,
				46D0E7D42351BCCF00A27DEF /* Assets.xcassets in Resources */,
				46D0E7D22351BCCC00A27DEF /* Main.storyboard in Resources */,
			);
			runOnlyForDeploymentPostprocessing = 0;
		};
/* End PBXResourcesBuildPhase section */

/* Begin PBXSourcesBuildPhase section */
		46D0E7C52351BCCC00A27DEF /* Sources */ = {
			isa = PBXSourcesBuildPhase;
			buildActionMask = 2147483647;
			files = (
				46D0E7F32351D51C00A27DEF /* Constants.swift in Sources */,
				46D0E7CF2351BCCC00A27DEF /* ViewController.swift in Sources */,
				46D0E7F92351E82F00A27DEF /* HomeController.swift in Sources */,
				46D0E7F12351D3E600A27DEF /* SATextField.swift in Sources */,
				46D0E7EF2351D3C900A27DEF /* SAButton.swift in Sources */,
				46D0E7CD2351BCCC00A27DEF /* AppDelegate.swift in Sources */,
			);
			runOnlyForDeploymentPostprocessing = 0;
		};
/* End PBXSourcesBuildPhase section */

/* Begin PBXVariantGroup section */
		46D0E7D02351BCCC00A27DEF /* Main.storyboard */ = {
			isa = PBXVariantGroup;
			children = (
				46D0E7D12351BCCC00A27DEF /* Base */,
			);
			name = Main.storyboard;
			sourceTree = "<group>";
		};
		46D0E7D52351BCCF00A27DEF /* LaunchScreen.storyboard */ = {
			isa = PBXVariantGroup;
			children = (
				46D0E7D62351BCCF00A27DEF /* Base */,
			);
			name = LaunchScreen.storyboard;
			sourceTree = "<group>";
		};
/* End PBXVariantGroup section */

/* Begin XCBuildConfiguration section */
		46D0E7D92351BCCF00A27DEF /* Debug */ = {
			isa = XCBuildConfiguration;
			buildSettings = {
				ALWAYS_SEARCH_USER_PATHS = NO;
				CLANG_ANALYZER_NONNULL = YES;
				CLANG_ANALYZER_NUMBER_OBJECT_CONVERSION = YES_AGGRESSIVE;
				CLANG_CXX_LANGUAGE_STANDARD = "gnu++14";
				CLANG_CXX_LIBRARY = "libc++";
				CLANG_ENABLE_MODULES = YES;
				CLANG_ENABLE_OBJC_ARC = YES;
				CLANG_ENABLE_OBJC_WEAK = YES;
				CLANG_WARN_BLOCK_CAPTURE_AUTORELEASING = YES;
				CLANG_WARN_BOOL_CONVERSION = YES;
				CLANG_WARN_COMMA = YES;
				CLANG_WARN_CONSTANT_CONVERSION = YES;
				CLANG_WARN_DEPRECATED_OBJC_IMPLEMENTATIONS = YES;
				CLANG_WARN_DIRECT_OBJC_ISA_USAGE = YES_ERROR;
				CLANG_WARN_DOCUMENTATION_COMMENTS = YES;
				CLANG_WARN_EMPTY_BODY = YES;
				CLANG_WARN_ENUM_CONVERSION = YES;
				CLANG_WARN_INFINITE_RECURSION = YES;
				CLANG_WARN_INT_CONVERSION = YES;
				CLANG_WARN_NON_LITERAL_NULL_CONVERSION = YES;
				CLANG_WARN_OBJC_IMPLICIT_RETAIN_SELF = YES;
				CLANG_WARN_OBJC_LITERAL_CONVERSION = YES;
				CLANG_WARN_OBJC_ROOT_CLASS = YES_ERROR;
				CLANG_WARN_RANGE_LOOP_ANALYSIS = YES;
				CLANG_WARN_STRICT_PROTOTYPES = YES;
				CLANG_WARN_SUSPICIOUS_MOVE = YES;
				CLANG_WARN_UNGUARDED_AVAILABILITY = YES_AGGRESSIVE;
				CLANG_WARN_UNREACHABLE_CODE = YES;
				CLANG_WARN__DUPLICATE_METHOD_MATCH = YES;
				CODE_SIGN_IDENTITY = "iPhone Developer";
				COPY_PHASE_STRIP = NO;
				DEBUG_INFORMATION_FORMAT = dwarf;
				ENABLE_STRICT_OBJC_MSGSEND = YES;
				ENABLE_TESTABILITY = YES;
				GCC_C_LANGUAGE_STANDARD = gnu11;
				GCC_DYNAMIC_NO_PIC = NO;
				GCC_NO_COMMON_BLOCKS = YES;
				GCC_OPTIMIZATION_LEVEL = 0;
				GCC_PREPROCESSOR_DEFINITIONS = (
					"DEBUG=1",
					"$(inherited)",
				);
				GCC_WARN_64_TO_32_BIT_CONVERSION = YES;
				GCC_WARN_ABOUT_RETURN_TYPE = YES_ERROR;
				GCC_WARN_UNDECLARED_SELECTOR = YES;
				GCC_WARN_UNINITIALIZED_AUTOS = YES_AGGRESSIVE;
				GCC_WARN_UNUSED_FUNCTION = YES;
				GCC_WARN_UNUSED_VARIABLE = YES;
				IPHONEOS_DEPLOYMENT_TARGET = 12.4;
				MTL_ENABLE_DEBUG_INFO = INCLUDE_SOURCE;
				MTL_FAST_MATH = YES;
				ONLY_ACTIVE_ARCH = YES;
				SDKROOT = iphoneos;
				SWIFT_ACTIVE_COMPILATION_CONDITIONS = DEBUG;
				SWIFT_OPTIMIZATION_LEVEL = "-Onone";
			};
			name = Debug;
		};
		46D0E7DA2351BCCF00A27DEF /* Release */ = {
			isa = XCBuildConfiguration;
			buildSettings = {
				ALWAYS_SEARCH_USER_PATHS = NO;
				CLANG_ANALYZER_NONNULL = YES;
				CLANG_ANALYZER_NUMBER_OBJECT_CONVERSION = YES_AGGRESSIVE;
				CLANG_CXX_LANGUAGE_STANDARD = "gnu++14";
				CLANG_CXX_LIBRARY = "libc++";
				CLANG_ENABLE_MODULES = YES;
				CLANG_ENABLE_OBJC_ARC = YES;
				CLANG_ENABLE_OBJC_WEAK = YES;
				CLANG_WARN_BLOCK_CAPTURE_AUTORELEASING = YES;
				CLANG_WARN_BOOL_CONVERSION = YES;
				CLANG_WARN_COMMA = YES;
				CLANG_WARN_CONSTANT_CONVERSION = YES;
				CLANG_WARN_DEPRECATED_OBJC_IMPLEMENTATIONS = YES;
				CLANG_WARN_DIRECT_OBJC_ISA_USAGE = YES_ERROR;
				CLANG_WARN_DOCUMENTATION_COMMENTS = YES;
				CLANG_WARN_EMPTY_BODY = YES;
				CLANG_WARN_ENUM_CONVERSION = YES;
				CLANG_WARN_INFINITE_RECURSION = YES;
				CLANG_WARN_INT_CONVERSION = YES;
				CLANG_WARN_NON_LITERAL_NULL_CONVERSION = YES;
				CLANG_WARN_OBJC_IMPLICIT_RETAIN_SELF = YES;
				CLANG_WARN_OBJC_LITERAL_CONVERSION = YES;
				CLANG_WARN_OBJC_ROOT_CLASS = YES_ERROR;
				CLANG_WARN_RANGE_LOOP_ANALYSIS = YES;
				CLANG_WARN_STRICT_PROTOTYPES = YES;
				CLANG_WARN_SUSPICIOUS_MOVE = YES;
				CLANG_WARN_UNGUARDED_AVAILABILITY = YES_AGGRESSIVE;
				CLANG_WARN_UNREACHABLE_CODE = YES;
				CLANG_WARN__DUPLICATE_METHOD_MATCH = YES;
				CODE_SIGN_IDENTITY = "iPhone Developer";
				COPY_PHASE_STRIP = NO;
				DEBUG_INFORMATION_FORMAT = "dwarf-with-dsym";
				ENABLE_NS_ASSERTIONS = NO;
				ENABLE_STRICT_OBJC_MSGSEND = YES;
				GCC_C_LANGUAGE_STANDARD = gnu11;
				GCC_NO_COMMON_BLOCKS = YES;
				GCC_WARN_64_TO_32_BIT_CONVERSION = YES;
				GCC_WARN_ABOUT_RETURN_TYPE = YES_ERROR;
				GCC_WARN_UNDECLARED_SELECTOR = YES;
				GCC_WARN_UNINITIALIZED_AUTOS = YES_AGGRESSIVE;
				GCC_WARN_UNUSED_FUNCTION = YES;
				GCC_WARN_UNUSED_VARIABLE = YES;
				IPHONEOS_DEPLOYMENT_TARGET = 12.4;
				MTL_ENABLE_DEBUG_INFO = NO;
				MTL_FAST_MATH = YES;
				SDKROOT = iphoneos;
				SWIFT_COMPILATION_MODE = wholemodule;
				SWIFT_OPTIMIZATION_LEVEL = "-O";
				VALIDATE_PRODUCT = YES;
			};
			name = Release;
		};
		46D0E7DC2351BCCF00A27DEF /* Debug */ = {
			isa = XCBuildConfiguration;
			buildSettings = {
				ASSETCATALOG_COMPILER_APPICON_NAME = AppIcon;
				CODE_SIGN_STYLE = Automatic;
				DEVELOPMENT_TEAM = 7PC2NP6GC3;
				INFOPLIST_FILE = AutoLayoutAndConstraints/Info.plist;
				LD_RUNPATH_SEARCH_PATHS = (
					"$(inherited)",
					"@executable_path/Frameworks",
				);
				PRODUCT_BUNDLE_IDENTIFIER = TestFlight.AutoLayoutAndConstraints;
				PRODUCT_NAME = "$(TARGET_NAME)";
				SWIFT_VERSION = 5.0;
				TARGETED_DEVICE_FAMILY = "1,2";
			};
			name = Debug;
		};
		46D0E7DD2351BCCF00A27DEF /* Release */ = {
			isa = XCBuildConfiguration;
			buildSettings = {
				ASSETCATALOG_COMPILER_APPICON_NAME = AppIcon;
				CODE_SIGN_STYLE = Automatic;
				DEVELOPMENT_TEAM = 7PC2NP6GC3;
				INFOPLIST_FILE = AutoLayoutAndConstraints/Info.plist;
				LD_RUNPATH_SEARCH_PATHS = (
					"$(inherited)",
					"@executable_path/Frameworks",
				);
				PRODUCT_BUNDLE_IDENTIFIER = TestFlight.AutoLayoutAndConstraints;
				PRODUCT_NAME = "$(TARGET_NAME)";
				SWIFT_VERSION = 5.0;
				TARGETED_DEVICE_FAMILY = "1,2";
			};
			name = Release;
		};
/* End XCBuildConfiguration section */

/* Begin XCConfigurationList section */
		46D0E7C42351BCCC00A27DEF /* Build configuration list for PBXProject "AutoLayoutAndConstraints" */ = {
			isa = XCConfigurationList;
			buildConfigurations = (
				46D0E7D92351BCCF00A27DEF /* Debug */,
				46D0E7DA2351BCCF00A27DEF /* Release */,
			);
			defaultConfigurationIsVisible = 0;
			defaultConfigurationName = Release;
		};
		46D0E7DB2351BCCF00A27DEF /* Build configuration list for PBXNativeTarget "AutoLayoutAndConstraints" */ = {
			isa = XCConfigurationList;
			buildConfigurations = (
				46D0E7DC2351BCCF00A27DEF /* Debug */,
				46D0E7DD2351BCCF00A27DEF /* Release */,
			);
			defaultConfigurationIsVisible = 0;
			defaultConfigurationName = Release;
		};
/* End XCConfigurationList section */
	};
	rootObject = 46D0E7C12351BCCC00A27DEF /* Project object */;
}
